// !$*UTF8*$!
{
	archiveVersion = 1;
	classes = {
	};
	objectVersion = 50;
	objects = {

/* Begin PBXBuildFile section */
		8628A584261139F900B6FD34 /* CardView.swift in Sources */ = {isa = PBXBuildFile; fileRef = 8628A583261139F900B6FD34 /* CardView.swift */; };
		86A240D8260E6A8B00424DC7 /* UflyerApp.swift in Sources */ = {isa = PBXBuildFile; fileRef = 86A240D7260E6A8B00424DC7 /* UflyerApp.swift */; };
		86A240DA260E6A8B00424DC7 /* ContentView.swift in Sources */ = {isa = PBXBuildFile; fileRef = 86A240D9260E6A8B00424DC7 /* ContentView.swift */; };
		86A240DC260E6A8C00424DC7 /* Assets.xcassets in Resources */ = {isa = PBXBuildFile; fileRef = 86A240DB260E6A8C00424DC7 /* Assets.xcassets */; };
		86A240DF260E6A8C00424DC7 /* Preview Assets.xcassets in Resources */ = {isa = PBXBuildFile; fileRef = 86A240DE260E6A8C00424DC7 /* Preview Assets.xcassets */; };
		86A240EA260E6A8C00424DC7 /* UflyerTests.swift in Sources */ = {isa = PBXBuildFile; fileRef = 86A240E9260E6A8C00424DC7 /* UflyerTests.swift */; };
		86A240F5260E6A8C00424DC7 /* UflyerUITests.swift in Sources */ = {isa = PBXBuildFile; fileRef = 86A240F4260E6A8C00424DC7 /* UflyerUITests.swift */; };
		86A24107260E6BE100424DC7 /* Home.swift in Sources */ = {isa = PBXBuildFile; fileRef = 86A24106260E6BE100424DC7 /* Home.swift */; };
		86A2410F260E91B800424DC7 /* TabButton.swift in Sources */ = {isa = PBXBuildFile; fileRef = 86A2410E260E91B800424DC7 /* TabButton.swift */; };
/* End PBXBuildFile section */

/* Begin PBXContainerItemProxy section */
		86A240E6260E6A8C00424DC7 /* PBXContainerItemProxy */ = {
			isa = PBXContainerItemProxy;
			containerPortal = 86A240CC260E6A8B00424DC7 /* Project object */;
			proxyType = 1;
			remoteGlobalIDString = 86A240D3260E6A8B00424DC7;
			remoteInfo = Uflyer;
		};
		86A240F1260E6A8C00424DC7 /* PBXContainerItemProxy */ = {
			isa = PBXContainerItemProxy;
			containerPortal = 86A240CC260E6A8B00424DC7 /* Project object */;
			proxyType = 1;
			remoteGlobalIDString = 86A240D3260E6A8B00424DC7;
			remoteInfo = Uflyer;
		};
/* End PBXContainerItemProxy section */

/* Begin PBXFileReference section */
		8628A583261139F900B6FD34 /* CardView.swift */ = {isa = PBXFileReference; lastKnownFileType = sourcecode.swift; path = CardView.swift; sourceTree = "<group>"; };
		86A240D4260E6A8B00424DC7 /* Uflyer.app */ = {isa = PBXFileReference; explicitFileType = wrapper.application; includeInIndex = 0; path = Uflyer.app; sourceTree = BUILT_PRODUCTS_DIR; };
		86A240D7260E6A8B00424DC7 /* UflyerApp.swift */ = {isa = PBXFileReference; lastKnownFileType = sourcecode.swift; path = UflyerApp.swift; sourceTree = "<group>"; };
		86A240D9260E6A8B00424DC7 /* ContentView.swift */ = {isa = PBXFileReference; lastKnownFileType = sourcecode.swift; path = ContentView.swift; sourceTree = "<group>"; };
		86A240DB260E6A8C00424DC7 /* Assets.xcassets */ = {isa = PBXFileReference; lastKnownFileType = folder.assetcatalog; path = Assets.xcassets; sourceTree = "<group>"; };
		86A240DE260E6A8C00424DC7 /* Preview Assets.xcassets */ = {isa = PBXFileReference; lastKnownFileType = folder.assetcatalog; path = "Preview Assets.xcassets"; sourceTree = "<group>"; };
		86A240E0260E6A8C00424DC7 /* Info.plist */ = {isa = PBXFileReference; lastKnownFileType = text.plist.xml; path = Info.plist; sourceTree = "<group>"; };
		86A240E5260E6A8C00424DC7 /* UflyerTests.xctest */ = {isa = PBXFileReference; explicitFileType = wrapper.cfbundle; includeInIndex = 0; path = UflyerTests.xctest; sourceTree = BUILT_PRODUCTS_DIR; };
		86A240E9260E6A8C00424DC7 /* UflyerTests.swift */ = {isa = PBXFileReference; lastKnownFileType = sourcecode.swift; path = UflyerTests.swift; sourceTree = "<group>"; };
		86A240EB260E6A8C00424DC7 /* Info.plist */ = {isa = PBXFileReference; lastKnownFileType = text.plist.xml; path = Info.plist; sourceTree = "<group>"; };
		86A240F0260E6A8C00424DC7 /* UflyerUITests.xctest */ = {isa = PBXFileReference; explicitFileType = wrapper.cfbundle; includeInIndex = 0; path = UflyerUITests.xctest; sourceTree = BUILT_PRODUCTS_DIR; };
		86A240F4260E6A8C00424DC7 /* UflyerUITests.swift */ = {isa = PBXFileReference; lastKnownFileType = sourcecode.swift; path = UflyerUITests.swift; sourceTree = "<group>"; };
		86A240F6260E6A8C00424DC7 /* Info.plist */ = {isa = PBXFileReference; lastKnownFileType = text.plist.xml; path = Info.plist; sourceTree = "<group>"; };
		86A24106260E6BE100424DC7 /* Home.swift */ = {isa = PBXFileReference; lastKnownFileType = sourcecode.swift; path = Home.swift; sourceTree = "<group>"; };
		86A2410E260E91B800424DC7 /* TabButton.swift */ = {isa = PBXFileReference; lastKnownFileType = sourcecode.swift; path = TabButton.swift; sourceTree = "<group>"; };
/* End PBXFileReference section */

/* Begin PBXFrameworksBuildPhase section */
		86A240D1260E6A8B00424DC7 /* Frameworks */ = {
			isa = PBXFrameworksBuildPhase;
			buildActionMask = 2147483647;
			files = (
			);
			runOnlyForDeploymentPostprocessing = 0;
		};
		86A240E2260E6A8C00424DC7 /* Frameworks */ = {
			isa = PBXFrameworksBuildPhase;
			buildActionMask = 2147483647;
			files = (
			);
			runOnlyForDeploymentPostprocessing = 0;
		};
		86A240ED260E6A8C00424DC7 /* Frameworks */ = {
			isa = PBXFrameworksBuildPhase;
			buildActionMask = 2147483647;
			files = (
			);
			runOnlyForDeploymentPostprocessing = 0;
		};
/* End PBXFrameworksBuildPhase section */

/* Begin PBXGroup section */
		86A240CB260E6A8B00424DC7 = {
			isa = PBXGroup;
			children = (
				86A240D6260E6A8B00424DC7 /* Uflyer */,
				86A240E8260E6A8C00424DC7 /* UflyerTests */,
				86A240F3260E6A8C00424DC7 /* UflyerUITests */,
				86A240D5260E6A8B00424DC7 /* Products */,
			);
			sourceTree = "<group>";
		};
		86A240D5260E6A8B00424DC7 /* Products */ = {
			isa = PBXGroup;
			children = (
				86A240D4260E6A8B00424DC7 /* Uflyer.app */,
				86A240E5260E6A8C00424DC7 /* UflyerTests.xctest */,
				86A240F0260E6A8C00424DC7 /* UflyerUITests.xctest */,
			);
			name = Products;
			sourceTree = "<group>";
		};
		86A240D6260E6A8B00424DC7 /* Uflyer */ = {
			isa = PBXGroup;
			children = (
				86A24105260E6BD200424DC7 /* Views */,
				86A240D7260E6A8B00424DC7 /* UflyerApp.swift */,
				86A240D9260E6A8B00424DC7 /* ContentView.swift */,
				86A240DB260E6A8C00424DC7 /* Assets.xcassets */,
				86A240E0260E6A8C00424DC7 /* Info.plist */,
				86A240DD260E6A8C00424DC7 /* Preview Content */,
			);
			path = Uflyer;
			sourceTree = "<group>";
		};
		86A240DD260E6A8C00424DC7 /* Preview Content */ = {
			isa = PBXGroup;
			children = (
				86A240DE260E6A8C00424DC7 /* Preview Assets.xcassets */,
			);
			path = "Preview Content";
			sourceTree = "<group>";
		};
		86A240E8260E6A8C00424DC7 /* UflyerTests */ = {
			isa = PBXGroup;
			children = (
				86A240E9260E6A8C00424DC7 /* UflyerTests.swift */,
				86A240EB260E6A8C00424DC7 /* Info.plist */,
			);
			path = UflyerTests;
			sourceTree = "<group>";
		};
		86A240F3260E6A8C00424DC7 /* UflyerUITests */ = {
			isa = PBXGroup;
			children = (
				86A240F4260E6A8C00424DC7 /* UflyerUITests.swift */,
				86A240F6260E6A8C00424DC7 /* Info.plist */,
			);
			path = UflyerUITests;
			sourceTree = "<group>";
		};
		86A24105260E6BD200424DC7 /* Views */ = {
			isa = PBXGroup;
			children = (
				86A24106260E6BE100424DC7 /* Home.swift */,
				86A2410E260E91B800424DC7 /* TabButton.swift */,
				8628A583261139F900B6FD34 /* CardView.swift */,
			);
			path = Views;
			sourceTree = "<group>";
		};
/* End PBXGroup section */

/* Begin PBXNativeTarget section */
		86A240D3260E6A8B00424DC7 /* Uflyer */ = {
			isa = PBXNativeTarget;
			buildConfigurationList = 86A240F9260E6A8C00424DC7 /* Build configuration list for PBXNativeTarget "Uflyer" */;
			buildPhases = (
				86A240D0260E6A8B00424DC7 /* Sources */,
				86A240D1260E6A8B00424DC7 /* Frameworks */,
				86A240D2260E6A8B00424DC7 /* Resources */,
			);
			buildRules = (
			);
			dependencies = (
			);
			name = Uflyer;
			productName = Uflyer;
			productReference = 86A240D4260E6A8B00424DC7 /* Uflyer.app */;
			productType = "com.apple.product-type.application";
		};
		86A240E4260E6A8C00424DC7 /* UflyerTests */ = {
			isa = PBXNativeTarget;
			buildConfigurationList = 86A240FC260E6A8C00424DC7 /* Build configuration list for PBXNativeTarget "UflyerTests" */;
			buildPhases = (
				86A240E1260E6A8C00424DC7 /* Sources */,
				86A240E2260E6A8C00424DC7 /* Frameworks */,
				86A240E3260E6A8C00424DC7 /* Resources */,
			);
			buildRules = (
			);
			dependencies = (
				86A240E7260E6A8C00424DC7 /* PBXTargetDependency */,
			);
			name = UflyerTests;
			productName = UflyerTests;
			productReference = 86A240E5260E6A8C00424DC7 /* UflyerTests.xctest */;
			productType = "com.apple.product-type.bundle.unit-test";
		};
		86A240EF260E6A8C00424DC7 /* UflyerUITests */ = {
			isa = PBXNativeTarget;
			buildConfigurationList = 86A240FF260E6A8C00424DC7 /* Build configuration list for PBXNativeTarget "UflyerUITests" */;
			buildPhases = (
				86A240EC260E6A8C00424DC7 /* Sources */,
				86A240ED260E6A8C00424DC7 /* Frameworks */,
				86A240EE260E6A8C00424DC7 /* Resources */,
			);
			buildRules = (
			);
			dependencies = (
				86A240F2260E6A8C00424DC7 /* PBXTargetDependency */,
			);
			name = UflyerUITests;
			productName = UflyerUITests;
			productReference = 86A240F0260E6A8C00424DC7 /* UflyerUITests.xctest */;
			productType = "com.apple.product-type.bundle.ui-testing";
		};
/* End PBXNativeTarget section */

/* Begin PBXProject section */
		86A240CC260E6A8B00424DC7 /* Project object */ = {
			isa = PBXProject;
			attributes = {
				LastSwiftUpdateCheck = 1240;
				LastUpgradeCheck = 1240;
				TargetAttributes = {
					86A240D3260E6A8B00424DC7 = {
						CreatedOnToolsVersion = 12.4;
					};
					86A240E4260E6A8C00424DC7 = {
						CreatedOnToolsVersion = 12.4;
						TestTargetID = 86A240D3260E6A8B00424DC7;
					};
					86A240EF260E6A8C00424DC7 = {
						CreatedOnToolsVersion = 12.4;
						TestTargetID = 86A240D3260E6A8B00424DC7;
					};
				};
			};
			buildConfigurationList = 86A240CF260E6A8B00424DC7 /* Build configuration list for PBXProject "Uflyer" */;
			compatibilityVersion = "Xcode 9.3";
			developmentRegion = en;
			hasScannedForEncodings = 0;
			knownRegions = (
				en,
				Base,
			);
			mainGroup = 86A240CB260E6A8B00424DC7;
			productRefGroup = 86A240D5260E6A8B00424DC7 /* Products */;
			projectDirPath = "";
			projectRoot = "";
			targets = (
				86A240D3260E6A8B00424DC7 /* Uflyer */,
				86A240E4260E6A8C00424DC7 /* UflyerTests */,
				86A240EF260E6A8C00424DC7 /* UflyerUITests */,
			);
		};
/* End PBXProject section */

/* Begin PBXResourcesBuildPhase section */
		86A240D2260E6A8B00424DC7 /* Resources */ = {
			isa = PBXResourcesBuildPhase;
			buildActionMask = 2147483647;
			files = (
				86A240DF260E6A8C00424DC7 /* Preview Assets.xcassets in Resources */,
				86A240DC260E6A8C00424DC7 /* Assets.xcassets in Resources */,
			);
			runOnlyForDeploymentPostprocessing = 0;
		};
		86A240E3260E6A8C00424DC7 /* Resources */ = {
			isa = PBXResourcesBuildPhase;
			buildActionMask = 2147483647;
			files = (
			);
			runOnlyForDeploymentPostprocessing = 0;
		};
		86A240EE260E6A8C00424DC7 /* Resources */ = {
			isa = PBXResourcesBuildPhase;
			buildActionMask = 2147483647;
			files = (
			);
			runOnlyForDeploymentPostprocessing = 0;
		};
/* End PBXResourcesBuildPhase section */

/* Begin PBXSourcesBuildPhase section */
		86A240D0260E6A8B00424DC7 /* Sources */ = {
			isa = PBXSourcesBuildPhase;
			buildActionMask = 2147483647;
			files = (
				86A240DA260E6A8B00424DC7 /* ContentView.swift in Sources */,
				86A2410F260E91B800424DC7 /* TabButton.swift in Sources */,
				86A24107260E6BE100424DC7 /* Home.swift in Sources */,
				86A240D8260E6A8B00424DC7 /* UflyerApp.swift in Sources */,
				8628A584261139F900B6FD34 /* CardView.swift in Sources */,
			);
			runOnlyForDeploymentPostprocessing = 0;
		};
		86A240E1260E6A8C00424DC7 /* Sources */ = {
			isa = PBXSourcesBuildPhase;
			buildActionMask = 2147483647;
			files = (
				86A240EA260E6A8C00424DC7 /* UflyerTests.swift in Sources */,
			);
			runOnlyForDeploymentPostprocessing = 0;
		};
		86A240EC260E6A8C00424DC7 /* Sources */ = {
			isa = PBXSourcesBuildPhase;
			buildActionMask = 2147483647;
			files = (
				86A240F5260E6A8C00424DC7 /* UflyerUITests.swift in Sources */,
			);
			runOnlyForDeploymentPostprocessing = 0;
		};
/* End PBXSourcesBuildPhase section */

/* Begin PBXTargetDependency section */
		86A240E7260E6A8C00424DC7 /* PBXTargetDependency */ = {
			isa = PBXTargetDependency;
			target = 86A240D3260E6A8B00424DC7 /* Uflyer */;
			targetProxy = 86A240E6260E6A8C00424DC7 /* PBXContainerItemProxy */;
		};
		86A240F2260E6A8C00424DC7 /* PBXTargetDependency */ = {
			isa = PBXTargetDependency;
			target = 86A240D3260E6A8B00424DC7 /* Uflyer */;
			targetProxy = 86A240F1260E6A8C00424DC7 /* PBXContainerItemProxy */;
		};
/* End PBXTargetDependency section */

/* Begin XCBuildConfiguration section */
		86A240F7260E6A8C00424DC7 /* Debug */ = {
			isa = XCBuildConfiguration;
			buildSettings = {
				ALWAYS_SEARCH_USER_PATHS = NO;
				CLANG_ANALYZER_NONNULL = YES;
				CLANG_ANALYZER_NUMBER_OBJECT_CONVERSION = YES_AGGRESSIVE;
				CLANG_CXX_LANGUAGE_STANDARD = "gnu++14";
				CLANG_CXX_LIBRARY = "libc++";
				CLANG_ENABLE_MODULES = YES;
				CLANG_ENABLE_OBJC_ARC = YES;
				CLANG_ENABLE_OBJC_WEAK = YES;
				CLANG_WARN_BLOCK_CAPTURE_AUTORELEASING = YES;
				CLANG_WARN_BOOL_CONVERSION = YES;
				CLANG_WARN_COMMA = YES;
				CLANG_WARN_CONSTANT_CONVERSION = YES;
				CLANG_WARN_DEPRECATED_OBJC_IMPLEMENTATIONS = YES;
				CLANG_WARN_DIRECT_OBJC_ISA_USAGE = YES_ERROR;
				CLANG_WARN_DOCUMENTATION_COMMENTS = YES;
				CLANG_WARN_EMPTY_BODY = YES;
				CLANG_WARN_ENUM_CONVERSION = YES;
				CLANG_WARN_INFINITE_RECURSION = YES;
				CLANG_WARN_INT_CONVERSION = YES;
				CLANG_WARN_NON_LITERAL_NULL_CONVERSION = YES;
				CLANG_WARN_OBJC_IMPLICIT_RETAIN_SELF = YES;
				CLANG_WARN_OBJC_LITERAL_CONVERSION = YES;
				CLANG_WARN_OBJC_ROOT_CLASS = YES_ERROR;
				CLANG_WARN_QUOTED_INCLUDE_IN_FRAMEWORK_HEADER = YES;
				CLANG_WARN_RANGE_LOOP_ANALYSIS = YES;
				CLANG_WARN_STRICT_PROTOTYPES = YES;
				CLANG_WARN_SUSPICIOUS_MOVE = YES;
				CLANG_WARN_UNGUARDED_AVAILABILITY = YES_AGGRESSIVE;
				CLANG_WARN_UNREACHABLE_CODE = YES;
				CLANG_WARN__DUPLICATE_METHOD_MATCH = YES;
				COPY_PHASE_STRIP = NO;
				DEBUG_INFORMATION_FORMAT = dwarf;
				ENABLE_STRICT_OBJC_MSGSEND = YES;
				ENABLE_TESTABILITY = YES;
				GCC_C_LANGUAGE_STANDARD = gnu11;
				GCC_DYNAMIC_NO_PIC = NO;
				GCC_NO_COMMON_BLOCKS = YES;
				GCC_OPTIMIZATION_LEVEL = 0;
				GCC_PREPROCESSOR_DEFINITIONS = (
					"DEBUG=1",
					"$(inherited)",
				);
				GCC_WARN_64_TO_32_BIT_CONVERSION = YES;
				GCC_WARN_ABOUT_RETURN_TYPE = YES_ERROR;
				GCC_WARN_UNDECLARED_SELECTOR = YES;
				GCC_WARN_UNINITIALIZED_AUTOS = YES_AGGRESSIVE;
				GCC_WARN_UNUSED_FUNCTION = YES;
				GCC_WARN_UNUSED_VARIABLE = YES;
				IPHONEOS_DEPLOYMENT_TARGET = 14.4;
				MTL_ENABLE_DEBUG_INFO = INCLUDE_SOURCE;
				MTL_FAST_MATH = YES;
				ONLY_ACTIVE_ARCH = YES;
				SDKROOT = iphoneos;
				SWIFT_ACTIVE_COMPILATION_CONDITIONS = DEBUG;
				SWIFT_OPTIMIZATION_LEVEL = "-Onone";
			};
			name = Debug;
		};
		86A240F8260E6A8C00424DC7 /* Release */ = {
			isa = XCBuildConfiguration;
			buildSettings = {
				ALWAYS_SEARCH_USER_PATHS = NO;
				CLANG_ANALYZER_NONNULL = YES;
				CLANG_ANALYZER_NUMBER_OBJECT_CONVERSION = YES_AGGRESSIVE;
				CLANG_CXX_LANGUAGE_STANDARD = "gnu++14";
				CLANG_CXX_LIBRARY = "libc++";
				CLANG_ENABLE_MODULES = YES;
				CLANG_ENABLE_OBJC_ARC = YES;
				CLANG_ENABLE_OBJC_WEAK = YES;
				CLANG_WARN_BLOCK_CAPTURE_AUTORELEASING = YES;
				CLANG_WARN_BOOL_CONVERSION = YES;
				CLANG_WARN_COMMA = YES;
				CLANG_WARN_CONSTANT_CONVERSION = YES;
				CLANG_WARN_DEPRECATED_OBJC_IMPLEMENTATIONS = YES;
				CLANG_WARN_DIRECT_OBJC_ISA_USAGE = YES_ERROR;
				CLANG_WARN_DOCUMENTATION_COMMENTS = YES;
				CLANG_WARN_EMPTY_BODY = YES;
				CLANG_WARN_ENUM_CONVERSION = YES;
				CLANG_WARN_INFINITE_RECURSION = YES;
				CLANG_WARN_INT_CONVERSION = YES;
				CLANG_WARN_NON_LITERAL_NULL_CONVERSION = YES;
				CLANG_WARN_OBJC_IMPLICIT_RETAIN_SELF = YES;
				CLANG_WARN_OBJC_LITERAL_CONVERSION = YES;
				CLANG_WARN_OBJC_ROOT_CLASS = YES_ERROR;
				CLANG_WARN_QUOTED_INCLUDE_IN_FRAMEWORK_HEADER = YES;
				CLANG_WARN_RANGE_LOOP_ANALYSIS = YES;
				CLANG_WARN_STRICT_PROTOTYPES = YES;
				CLANG_WARN_SUSPICIOUS_MOVE = YES;
				CLANG_WARN_UNGUARDED_AVAILABILITY = YES_AGGRESSIVE;
				CLANG_WARN_UNREACHABLE_CODE = YES;
				CLANG_WARN__DUPLICATE_METHOD_MATCH = YES;
				COPY_PHASE_STRIP = NO;
				DEBUG_INFORMATION_FORMAT = "dwarf-with-dsym";
				ENABLE_NS_ASSERTIONS = NO;
				ENABLE_STRICT_OBJC_MSGSEND = YES;
				GCC_C_LANGUAGE_STANDARD = gnu11;
				GCC_NO_COMMON_BLOCKS = YES;
				GCC_WARN_64_TO_32_BIT_CONVERSION = YES;
				GCC_WARN_ABOUT_RETURN_TYPE = YES_ERROR;
				GCC_WARN_UNDECLARED_SELECTOR = YES;
				GCC_WARN_UNINITIALIZED_AUTOS = YES_AGGRESSIVE;
				GCC_WARN_UNUSED_FUNCTION = YES;
				GCC_WARN_UNUSED_VARIABLE = YES;
				IPHONEOS_DEPLOYMENT_TARGET = 14.4;
				MTL_ENABLE_DEBUG_INFO = NO;
				MTL_FAST_MATH = YES;
				SDKROOT = iphoneos;
				SWIFT_COMPILATION_MODE = wholemodule;
				SWIFT_OPTIMIZATION_LEVEL = "-O";
				VALIDATE_PRODUCT = YES;
			};
			name = Release;
		};
		86A240FA260E6A8C00424DC7 /* Debug */ = {
			isa = XCBuildConfiguration;
			buildSettings = {
				ASSETCATALOG_COMPILER_APPICON_NAME = AppIcon;
				ASSETCATALOG_COMPILER_GLOBAL_ACCENT_COLOR_NAME = AccentColor;
				CODE_SIGN_STYLE = Automatic;
				DEVELOPMENT_ASSET_PATHS = "\"Uflyer/Preview Content\"";
				DEVELOPMENT_TEAM = 8UF6K7CB33;
				ENABLE_PREVIEWS = YES;
				INFOPLIST_FILE = Uflyer/Info.plist;
				IPHONEOS_DEPLOYMENT_TARGET = 14.0;
				LD_RUNPATH_SEARCH_PATHS = (
					"$(inherited)",
					"@executable_path/Frameworks",
				);
				PRODUCT_BUNDLE_IDENTIFIER = anthony.Uflyer;
				PRODUCT_NAME = "$(TARGET_NAME)";
				SWIFT_VERSION = 5.0;
				TARGETED_DEVICE_FAMILY = "1,2";
			};
			name = Debug;
		};
		86A240FB260E6A8C00424DC7 /* Release */ = {
			isa = XCBuildConfiguration;
			buildSettings = {
				ASSETCATALOG_COMPILER_APPICON_NAME = AppIcon;
				ASSETCATALOG_COMPILER_GLOBAL_ACCENT_COLOR_NAME = AccentColor;
				CODE_SIGN_STYLE = Automatic;
				DEVELOPMENT_ASSET_PATHS = "\"Uflyer/Preview Content\"";
				DEVELOPMENT_TEAM = 8UF6K7CB33;
				ENABLE_PREVIEWS = YES;
				INFOPLIST_FILE = Uflyer/Info.plist;
				IPHONEOS_DEPLOYMENT_TARGET = 14.0;
				LD_RUNPATH_SEARCH_PATHS = (
					"$(inherited)",
					"@executable_path/Frameworks",
				);
				PRODUCT_BUNDLE_IDENTIFIER = anthony.Uflyer;
				PRODUCT_NAME = "$(TARGET_NAME)";
				SWIFT_VERSION = 5.0;
				TARGETED_DEVICE_FAMILY = "1,2";
			};
			name = Release;
		};
		86A240FD260E6A8C00424DC7 /* Debug */ = {
			isa = XCBuildConfiguration;
			buildSettings = {
				ALWAYS_EMBED_SWIFT_STANDARD_LIBRARIES = YES;
				BUNDLE_LOADER = "$(TEST_HOST)";
				CODE_SIGN_STYLE = Automatic;
				DEVELOPMENT_TEAM = 8UF6K7CB33;
				INFOPLIST_FILE = UflyerTests/Info.plist;
				IPHONEOS_DEPLOYMENT_TARGET = 14.0;
				LD_RUNPATH_SEARCH_PATHS = (
					"$(inherited)",
					"@executable_path/Frameworks",
					"@loader_path/Frameworks",
				);
				PRODUCT_BUNDLE_IDENTIFIER = anthony.UflyerTests;
				PRODUCT_NAME = "$(TARGET_NAME)";
				SWIFT_VERSION = 5.0;
				TARGETED_DEVICE_FAMILY = "1,2";
				TEST_HOST = "$(BUILT_PRODUCTS_DIR)/Uflyer.app/Uflyer";
			};
			name = Debug;
		};
		86A240FE260E6A8C00424DC7 /* Release */ = {
			isa = XCBuildConfiguration;
			buildSettings = {
				ALWAYS_EMBED_SWIFT_STANDARD_LIBRARIES = YES;
				BUNDLE_LOADER = "$(TEST_HOST)";
				CODE_SIGN_STYLE = Automatic;
				DEVELOPMENT_TEAM = 8UF6K7CB33;
				INFOPLIST_FILE = UflyerTests/Info.plist;
				IPHONEOS_DEPLOYMENT_TARGET = 14.0;
				LD_RUNPATH_SEARCH_PATHS = (
					"$(inherited)",
					"@executable_path/Frameworks",
					"@loader_path/Frameworks",
				);
				PRODUCT_BUNDLE_IDENTIFIER = anthony.UflyerTests;
				PRODUCT_NAME = "$(TARGET_NAME)";
				SWIFT_VERSION = 5.0;
				TARGETED_DEVICE_FAMILY = "1,2";
				TEST_HOST = "$(BUILT_PRODUCTS_DIR)/Uflyer.app/Uflyer";
			};
			name = Release;
		};
		86A24100260E6A8C00424DC7 /* Debug */ = {
			isa = XCBuildConfiguration;
			buildSettings = {
				ALWAYS_EMBED_SWIFT_STANDARD_LIBRARIES = YES;
				CODE_SIGN_STYLE = Automatic;
				DEVELOPMENT_TEAM = 8UF6K7CB33;
				INFOPLIST_FILE = UflyerUITests/Info.plist;
				LD_RUNPATH_SEARCH_PATHS = (
					"$(inherited)",
					"@executable_path/Frameworks",
					"@loader_path/Frameworks",
				);
				PRODUCT_BUNDLE_IDENTIFIER = anthony.UflyerUITests;
				PRODUCT_NAME = "$(TARGET_NAME)";
				SWIFT_VERSION = 5.0;
				TARGETED_DEVICE_FAMILY = "1,2";
				TEST_TARGET_NAME = Uflyer;
			};
			name = Debug;
		};
		86A24101260E6A8C00424DC7 /* Release */ = {
			isa = XCBuildConfiguration;
			buildSettings = {
				ALWAYS_EMBED_SWIFT_STANDARD_LIBRARIES = YES;
				CODE_SIGN_STYLE = Automatic;
				DEVELOPMENT_TEAM = 8UF6K7CB33;
				INFOPLIST_FILE = UflyerUITests/Info.plist;
				LD_RUNPATH_SEARCH_PATHS = (
					"$(inherited)",
					"@executable_path/Frameworks",
					"@loader_path/Frameworks",
				);
				PRODUCT_BUNDLE_IDENTIFIER = anthony.UflyerUITests;
				PRODUCT_NAME = "$(TARGET_NAME)";
				SWIFT_VERSION = 5.0;
				TARGETED_DEVICE_FAMILY = "1,2";
				TEST_TARGET_NAME = Uflyer;
			};
			name = Release;
		};
/* End XCBuildConfiguration section */

/* Begin XCConfigurationList section */
		86A240CF260E6A8B00424DC7 /* Build configuration list for PBXProject "Uflyer" */ = {
			isa = XCConfigurationList;
			buildConfigurations = (
				86A240F7260E6A8C00424DC7 /* Debug */,
				86A240F8260E6A8C00424DC7 /* Release */,
			);
			defaultConfigurationIsVisible = 0;
			defaultConfigurationName = Release;
		};
		86A240F9260E6A8C00424DC7 /* Build configuration list for PBXNativeTarget "Uflyer" */ = {
			isa = XCConfigurationList;
			buildConfigurations = (
				86A240FA260E6A8C00424DC7 /* Debug */,
				86A240FB260E6A8C00424DC7 /* Release */,
			);
			defaultConfigurationIsVisible = 0;
			defaultConfigurationName = Release;
		};
		86A240FC260E6A8C00424DC7 /* Build configuration list for PBXNativeTarget "UflyerTests" */ = {
			isa = XCConfigurationList;
			buildConfigurations = (
				86A240FD260E6A8C00424DC7 /* Debug */,
				86A240FE260E6A8C00424DC7 /* Release */,
			);
			defaultConfigurationIsVisible = 0;
			defaultConfigurationName = Release;
		};
		86A240FF260E6A8C00424DC7 /* Build configuration list for PBXNativeTarget "UflyerUITests" */ = {
			isa = XCConfigurationList;
			buildConfigurations = (
				86A24100260E6A8C00424DC7 /* Debug */,
				86A24101260E6A8C00424DC7 /* Release */,
			);
			defaultConfigurationIsVisible = 0;
			defaultConfigurationName = Release;
		};
/* End XCConfigurationList section */
	};
	rootObject = 86A240CC260E6A8B00424DC7 /* Project object */;
}
